
Microsoft Visual Studio Solution File, Format Version 12.00
# Visual Studio Version 16
VisualStudioVersion = 16.0.30503.244
MinimumVisualStudioVersion = 10.0.40219.1
Project("{FAE04EC0-301F-11D3-BF4B-00C04F79EFBC}") = "partialview", "partialview\partialview.csproj", "{EF910DF8-F602-490C-809B-992E512D64C9}"
EndProject
Global
	GlobalSection(SolutionConfigurationPlatforms) = preSolution
		Debug|Any CPU = Debug|Any CPU
		Release|Any CPU = Release|Any CPU
	EndGlobalSection
	GlobalSection(ProjectConfigurationPlatforms) = postSolution
		{EF910DF8-F602-490C-809B-992E512D64C9}.Debug|Any CPU.ActiveCfg = Debug|Any CPU
		{EF910DF8-F602-490C-809B-992E512D64C9}.Debug|Any CPU.Build.0 = Debug|Any CPU
		{EF910DF8-F602-490C-809B-992E512D64C9}.Release|Any CPU.ActiveCfg = Release|Any CPU
		{EF910DF8-F602-490C-809B-992E512D64C9}.Release|Any CPU.Build.0 = Release|Any CPU
	EndGlobalSection
	GlobalSection(SolutionProperties) = preSolution
		HideSolutionNode = FALSE
	EndGlobalSection
	GlobalSection(ExtensibilityGlobals) = postSolution
		SolutionGuid = {BD496014-DA08-4EC9-A3AE-213522592EAE}
	EndGlobalSection
EndGlobal
